Microsoft Visual Studio Solution File, Format Version 12.00
# Visual Studio Version 17
VisualStudioVersion = 17.5.2.0
MinimumVisualStudioVersion = 10.0.40219.1
Project("{FAE04EC0-301F-11D3-BF4B-00C04F79EFBC}") = "WeatherReport", "WeatherReport.csproj", "{EB1FE875-5686-D04D-4211-FB70CBD5591D}"
EndProject
Global
	GlobalSection(SolutionConfigurationPlatforms) = preSolution
		Debug|Any CPU = Debug|Any CPU
		Release|Any CPU = Release|Any CPU
	EndGlobalSection
	GlobalSection(ProjectConfigurationPlatforms) = postSolution
		{EB1FE875-5686-D04D-4211-FB70CBD5591D}.Debug|Any CPU.ActiveCfg = Debug|Any CPU
		{EB1FE875-5686-D04D-4211-FB70CBD5591D}.Debug|Any CPU.Build.0 = Debug|Any CPU
		{EB1FE875-5686-D04D-4211-FB70CBD5591D}.Release|Any CPU.ActiveCfg = Release|Any CPU
		{EB1FE875-5686-D04D-4211-FB70CBD5591D}.Release|Any CPU.Build.0 = Release|Any CPU
	EndGlobalSection
	GlobalSection(SolutionProperties) = preSolution
		HideSolutionNode = FALSE
	EndGlobalSection
	GlobalSection(ExtensibilityGlobals) = postSolution
		SolutionGuid = {64CED2CC-1246-4613-BF23-AA225D3C216E}
	EndGlobalSection
EndGlobal
